# THIS IS AN AUTOGENERATED FILE. DO NOT EDIT THIS FILE DIRECTLY.
# yarn lockfile v1


"chess.js@^1.0.0-beta.2":
  "integrity" "sha512-B8G0PpTTUWvc5vRZDHmV9U+2i5+N583o+irxZwVNIVleXUBrkZC1TEdp6kMsnEs/QmhOHbKrmAr+8nz7zZOs6g=="
  "resolved" "https://registry.npmjs.org/chess.js/-/chess.js-1.0.0-beta.2.tgz"
  "version" "1.0.0-beta.2"
